
Microsoft Visual Studio Solution File, Format Version 12.00
# Visual Studio Version 17
VisualStudioVersion = 17.14.36717.8
MinimumVisualStudioVersion = 10.0.40219.1
Project("{FAE04EC0-301F-11D3-BF4B-00C04F79EFBC}") = "NamaaCommerce.API", "NamaaCommerce.API\NamaaCommerce.API.csproj", "{3631E12D-57B8-44B5-B357-79B2F1EF124D}"
EndProject
Project("{2150E333-8FDC-42A3-9474-1A3956D46DE8}") = "Core", "Core", "{02EA681E-C7D8-13C7-8484-4AC65E1B71E8}"
EndProject
Project("{2150E333-8FDC-42A3-9474-1A3956D46DE8}") = "Infrastructure", "Infrastructure", "{70EA315F-C9FA-436F-BD90-631C0987C395}"
EndProject
Project("{FAE04EC0-301F-11D3-BF4B-00C04F79EFBC}") = "Shared", "Shared\Shared.csproj", "{ED970937-1486-4CEE-9C97-BBD6D091963C}"
EndProject
Project("{FAE04EC0-301F-11D3-BF4B-00C04F79EFBC}") = "Domain", "Domain\Domain.csproj", "{0DF37891-BA5B-4AE8-AFE9-4A32208665D9}"
EndProject
Project("{FAE04EC0-301F-11D3-BF4B-00C04F79EFBC}") = "Services", "Services\Services.csproj", "{C685FCAE-4495-4CE3-9DE5-B86C79018046}"
EndProject
Project("{FAE04EC0-301F-11D3-BF4B-00C04F79EFBC}") = "Services.Abstraction", "Services.Abstraction\Services.Abstraction.csproj", "{49EED763-041E-4530-9C27-4C8E6F0532E8}"
EndProject
Project("{FAE04EC0-301F-11D3-BF4B-00C04F79EFBC}") = "Presentation", "Presentation\Presentation.csproj", "{427B59F9-3D01-4A49-A229-31D82A09C827}"
EndProject
Project("{FAE04EC0-301F-11D3-BF4B-00C04F79EFBC}") = "Persistence", "Persistence\Persistence.csproj", "{BB180F09-83B9-4236-AFDB-964382CB6C6F}"
EndProject
Global
	GlobalSection(SolutionConfigurationPlatforms) = preSolution
		Debug|Any CPU = Debug|Any CPU
		Release|Any CPU = Release|Any CPU
	EndGlobalSection
	GlobalSection(ProjectConfigurationPlatforms) = postSolution
		{3631E12D-57B8-44B5-B357-79B2F1EF124D}.Debug|Any CPU.ActiveCfg = Debug|Any CPU
		{3631E12D-57B8-44B5-B357-79B2F1EF124D}.Debug|Any CPU.Build.0 = Debug|Any CPU
		{3631E12D-57B8-44B5-B357-79B2F1EF124D}.Release|Any CPU.ActiveCfg = Release|Any CPU
		{3631E12D-57B8-44B5-B357-79B2F1EF124D}.Release|Any CPU.Build.0 = Release|Any CPU
		{ED970937-1486-4CEE-9C97-BBD6D091963C}.Debug|Any CPU.ActiveCfg = Debug|Any CPU
		{ED970937-1486-4CEE-9C97-BBD6D091963C}.Debug|Any CPU.Build.0 = Debug|Any CPU
		{ED970937-1486-4CEE-9C97-BBD6D091963C}.Release|Any CPU.ActiveCfg = Release|Any CPU
		{ED970937-1486-4CEE-9C97-BBD6D091963C}.Release|Any CPU.Build.0 = Release|Any CPU
		{0DF37891-BA5B-4AE8-AFE9-4A32208665D9}.Debug|Any CPU.ActiveCfg = Debug|Any CPU
		{0DF37891-BA5B-4AE8-AFE9-4A32208665D9}.Debug|Any CPU.Build.0 = Debug|Any CPU
		{0DF37891-BA5B-4AE8-AFE9-4A32208665D9}.Release|Any CPU.ActiveCfg = Release|Any CPU
		{0DF37891-BA5B-4AE8-AFE9-4A32208665D9}.Release|Any CPU.Build.0 = Release|Any CPU
		{C685FCAE-4495-4CE3-9DE5-B86C79018046}.Debug|Any CPU.ActiveCfg = Debug|Any CPU
		{C685FCAE-4495-4CE3-9DE5-B86C79018046}.Debug|Any CPU.Build.0 = Debug|Any CPU
		{C685FCAE-4495-4CE3-9DE5-B86C79018046}.Release|Any CPU.ActiveCfg = Release|Any CPU
		{C685FCAE-4495-4CE3-9DE5-B86C79018046}.Release|Any CPU.Build.0 = Release|Any CPU
		{49EED763-041E-4530-9C27-4C8E6F0532E8}.Debug|Any CPU.ActiveCfg = Debug|Any CPU
		{49EED763-041E-4530-9C27-4C8E6F0532E8}.Debug|Any CPU.Build.0 = Debug|Any CPU
		{49EED763-041E-4530-9C27-4C8E6F0532E8}.Release|Any CPU.ActiveCfg = Release|Any CPU
		{49EED763-041E-4530-9C27-4C8E6F0532E8}.Release|Any CPU.Build.0 = Release|Any CPU
		{427B59F9-3D01-4A49-A229-31D82A09C827}.Debug|Any CPU.ActiveCfg = Debug|Any CPU
		{427B59F9-3D01-4A49-A229-31D82A09C827}.Debug|Any CPU.Build.0 = Debug|Any CPU
		{427B59F9-3D01-4A49-A229-31D82A09C827}.Release|Any CPU.ActiveCfg = Release|Any CPU
		{427B59F9-3D01-4A49-A229-31D82A09C827}.Release|Any CPU.Build.0 = Release|Any CPU
		{BB180F09-83B9-4236-AFDB-964382CB6C6F}.Debug|Any CPU.ActiveCfg = Debug|Any CPU
		{BB180F09-83B9-4236-AFDB-964382CB6C6F}.Debug|Any CPU.Build.0 = Debug|Any CPU
		{BB180F09-83B9-4236-AFDB-964382CB6C6F}.Release|Any CPU.ActiveCfg = Release|Any CPU
		{BB180F09-83B9-4236-AFDB-964382CB6C6F}.Release|Any CPU.Build.0 = Release|Any CPU
	EndGlobalSection
	GlobalSection(SolutionProperties) = preSolution
		HideSolutionNode = FALSE
	EndGlobalSection
	GlobalSection(NestedProjects) = preSolution
		{0DF37891-BA5B-4AE8-AFE9-4A32208665D9} = {02EA681E-C7D8-13C7-8484-4AC65E1B71E8}
		{C685FCAE-4495-4CE3-9DE5-B86C79018046} = {02EA681E-C7D8-13C7-8484-4AC65E1B71E8}
		{49EED763-041E-4530-9C27-4C8E6F0532E8} = {02EA681E-C7D8-13C7-8484-4AC65E1B71E8}
		{427B59F9-3D01-4A49-A229-31D82A09C827} = {70EA315F-C9FA-436F-BD90-631C0987C395}
		{BB180F09-83B9-4236-AFDB-964382CB6C6F} = {70EA315F-C9FA-436F-BD90-631C0987C395}
	EndGlobalSection
	GlobalSection(ExtensibilityGlobals) = postSolution
		SolutionGuid = {A14FEA1D-A2FC-46F0-9D25-8BB500021369}
	EndGlobalSection
EndGlobal
